
Microsoft Visual Studio Solution File, Format Version 12.00
# Visual Studio 15
VisualStudioVersion = 15.0.28307.438
MinimumVisualStudioVersion = 10.0.40219.1
Project("{FAE04EC0-301F-11D3-BF4B-00C04F79EFBC}") = "EpicorTraceDiffer", "EpicorTraceDiffer\EpicorTraceDiffer.csproj", "{04297C8F-99A2-4536-A3D5-7CFEAA8A465A}"
EndProject
Global
	GlobalSection(SolutionConfigurationPlatforms) = preSolution
		Debug|Any CPU = Debug|Any CPU
		Release|Any CPU = Release|Any CPU
	EndGlobalSection
	GlobalSection(ProjectConfigurationPlatforms) = postSolution
		{04297C8F-99A2-4536-A3D5-7CFEAA8A465A}.Debug|Any CPU.ActiveCfg = Debug|Any CPU
		{04297C8F-99A2-4536-A3D5-7CFEAA8A465A}.Debug|Any CPU.Build.0 = Debug|Any CPU
		{04297C8F-99A2-4536-A3D5-7CFEAA8A465A}.Release|Any CPU.ActiveCfg = Release|Any CPU
		{04297C8F-99A2-4536-A3D5-7CFEAA8A465A}.Release|Any CPU.Build.0 = Release|Any CPU
	EndGlobalSection
	GlobalSection(SolutionProperties) = preSolution
		HideSolutionNode = FALSE
	EndGlobalSection
	GlobalSection(ExtensibilityGlobals) = postSolution
		SolutionGuid = {4DB940D0-CE95-4D45-8C23-13ED4436630E}
	EndGlobalSection
EndGlobal
